
Microsoft Visual Studio Solution File, Format Version 12.00
# Visual Studio Version 17
VisualStudioVersion = 17.6.33829.357
MinimumVisualStudioVersion = 10.0.40219.1
Project("{778DAE3C-4631-46EA-AA77-85C1314464D9}") = "Dredd Antivirus", "Dredd Antivirus\Dredd Antivirus.vbproj", "{C62ACF81-0550-42E8-BB27-D971544D4BAE}"
EndProject
Project("{F184B08F-C81C-45F6-A57F-5ABD9991F28F}") = "Dredd Service", "Dredd Service\Dredd Service.vbproj", "{1DCC179A-A170-4D72-9DB4-F8DAF01379E6}"
EndProject
Project("{FAE04EC0-301F-11D3-BF4B-00C04F79EFBC}") = "Database Updater", "Database Updater\Database Updater.csproj", "{6B61F6F7-6541-4868-9ED6-BB1D8C32F1C8}"
EndProject
Project("{FAE04EC0-301F-11D3-BF4B-00C04F79EFBC}") = "ConnectVpn", "ConnectVpn\ConnectVpn.csproj", "{F6649BD6-53B7-4F63-8DCF-9F9C29FBF9C5}"
EndProject
Global
	GlobalSection(SolutionConfigurationPlatforms) = preSolution
		Debug|Any CPU = Debug|Any CPU
		Release|Any CPU = Release|Any CPU
	EndGlobalSection
	GlobalSection(ProjectConfigurationPlatforms) = postSolution
		{C62ACF81-0550-42E8-BB27-D971544D4BAE}.Debug|Any CPU.ActiveCfg = Debug|Any CPU
		{C62ACF81-0550-42E8-BB27-D971544D4BAE}.Debug|Any CPU.Build.0 = Debug|Any CPU
		{C62ACF81-0550-42E8-BB27-D971544D4BAE}.Release|Any CPU.ActiveCfg = Release|Any CPU
		{C62ACF81-0550-42E8-BB27-D971544D4BAE}.Release|Any CPU.Build.0 = Release|Any CPU
		{1DCC179A-A170-4D72-9DB4-F8DAF01379E6}.Debug|Any CPU.ActiveCfg = Debug|Any CPU
		{1DCC179A-A170-4D72-9DB4-F8DAF01379E6}.Debug|Any CPU.Build.0 = Debug|Any CPU
		{1DCC179A-A170-4D72-9DB4-F8DAF01379E6}.Release|Any CPU.ActiveCfg = Release|Any CPU
		{1DCC179A-A170-4D72-9DB4-F8DAF01379E6}.Release|Any CPU.Build.0 = Release|Any CPU
		{6B61F6F7-6541-4868-9ED6-BB1D8C32F1C8}.Debug|Any CPU.ActiveCfg = Debug|Any CPU
		{6B61F6F7-6541-4868-9ED6-BB1D8C32F1C8}.Debug|Any CPU.Build.0 = Debug|Any CPU
		{6B61F6F7-6541-4868-9ED6-BB1D8C32F1C8}.Release|Any CPU.ActiveCfg = Release|Any CPU
		{6B61F6F7-6541-4868-9ED6-BB1D8C32F1C8}.Release|Any CPU.Build.0 = Release|Any CPU
		{F6649BD6-53B7-4F63-8DCF-9F9C29FBF9C5}.Debug|Any CPU.ActiveCfg = Debug|Any CPU
		{F6649BD6-53B7-4F63-8DCF-9F9C29FBF9C5}.Debug|Any CPU.Build.0 = Debug|Any CPU
		{F6649BD6-53B7-4F63-8DCF-9F9C29FBF9C5}.Release|Any CPU.ActiveCfg = Release|Any CPU
		{F6649BD6-53B7-4F63-8DCF-9F9C29FBF9C5}.Release|Any CPU.Build.0 = Release|Any CPU
	EndGlobalSection
	GlobalSection(SolutionProperties) = preSolution
		HideSolutionNode = FALSE
	EndGlobalSection
	GlobalSection(ExtensibilityGlobals) = postSolution
		SolutionGuid = {531FAD7C-BE9A-4704-B5DE-6ACE6458BD7B}
	EndGlobalSection
EndGlobal
